<?xml version="1.0" encoding="utf-8"?>
<Project ToolsVersion="4.0" xmlns="http://schemas.microsoft.com/developer/msbuild/2003">
  <ItemGroup>
    <ClCompile Include="..\common.shared\common_defs.cpp" />
    <ClCompile Include="..\common.shared\crash_handler.cpp" />
    <ClCompile Include="..\gui.shared\translator_base.cpp" />
    <ClCompile Include="controls\AvatarPreview.cpp" />
    <ClCompile Include="controls\ImageCropper.cpp" />
    <ClCompile Include="controls\moc_AvatarPreview.cpp" />
    <ClCompile Include="controls\moc_ImageCropper.cpp" />
    <ClCompile Include="main_window\history_control\DeletedMessageItem.cpp" />
    <ClCompile Include="main_window\GroupChatOperations.cpp" />
    <ClCompile Include="main_window\history_control\ActionButtonWidget.cpp" />
    <ClCompile Include="main_window\history_control\EmbeddedPreviewWidgetBase.cpp" />
    <ClCompile Include="main_window\history_control\moc_ActionButtonWidget.cpp" />
    <ClCompile Include="main_window\history_control\moc_MessageItemBase.cpp" />
    <ClCompile Include="main_window\livechats\LiveChatItemDelegate.cpp" />
    <ClCompile Include="main_window\livechats\LiveChatMembersControl.cpp" />
    <ClCompile Include="main_window\livechats\LiveChatProfile.cpp" />
    <ClCompile Include="app_config.cpp" />
    <ClCompile Include="controls\BackButton.cpp" />
    <ClCompile Include="controls\BackgroundWidget.cpp" />
    <ClCompile Include="controls\ConnectionSettingsWidget.cpp" />
    <ClCompile Include="controls\ContactAvatarWidget.cpp" />
    <ClCompile Include="controls\DpiAwareImage.cpp" />
    <ClCompile Include="controls\FlatMenu.cpp" />
    <ClCompile Include="controls\GeneralCreator.cpp" />
    <ClCompile Include="controls\moc_ConnectionSettingsWidget.cpp" />
    <ClCompile Include="controls\moc_FlatMenu.cpp" />
    <ClCompile Include="controls\moc_ContactAvatarWidget.cpp" />
    <ClCompile Include="controls\moc_GeneralDialog.cpp" />
    <ClCompile Include="controls\moc_WidgetsNavigator.cpp" />
    <ClCompile Include="controls\PictureWidget.cpp" />
    <ClCompile Include="controls\WidgetsNavigator.cpp" />
    <ClCompile Include="controls\moc_ContextMenu.cpp" />
    <ClCompile Include="controls\ContextMenu.cpp" />
    <ClCompile Include="gui_settings.cpp" />
    <ClCompile Include="controls\GeneralDialog.cpp" />
    <ClCompile Include="main_window\contact_list\ChatMembersModel.cpp" />
    <ClCompile Include="main_window\contact_list\CustomAbstractListModel.cpp" />
    <ClCompile Include="main_window\contact_list\moc_AbstractSearchModel.cpp" />
    <ClCompile Include="main_window\contact_list\moc_ChatMembersModel.cpp" />
    <ClCompile Include="main_window\contact_list\moc_CustomAbstractListModel.cpp" />
    <ClCompile Include="main_window\contact_list\moc_SearchMembersModel.cpp" />
    <ClCompile Include="main_window\contact_list\moc_SelectionContactsForGroupChat.cpp" />
    <ClCompile Include="main_window\contact_list\SearchMembersModel.cpp" />
    <ClCompile Include="main_window\contact_list\SelectionContactsForGroupChat.cpp" />
    <ClCompile Include="main_window\contact_list\AbstractSearchModel.cpp" />
    <ClCompile Include="main_window\history_control\auth_widget\AuthWidget.cpp" />
    <ClCompile Include="main_window\contact_list\contact_profile.cpp" />
    <ClCompile Include="cache\countries.cpp" />
    <ClCompile Include="controls\moc_TextEmojiWidget.cpp" />
    <ClCompile Include="main_window\history_control\auth_widget\moc_AuthWidget.cpp" />
    <ClCompile Include="main_window\history_control\ChatEventInfo.cpp" />
    <ClCompile Include="main_window\history_control\ChatEventItem.cpp" />
    <ClCompile Include="main_window\history_control\HistoryControlPageItem.cpp" />
    <ClCompile Include="main_window\history_control\HistoryControlPageThemePanel.cpp" />
    <ClCompile Include="main_window\history_control\MessageStatusWidget.cpp" />
    <ClCompile Include="main_window\history_control\MessageStyle.cpp" />
    <ClCompile Include="main_window\history_control\moc_HistoryControlPageThemePanel.cpp" />
    <ClCompile Include="main_window\livechats\LiveChatsModel.cpp" />
    <ClCompile Include="main_window\livechats\moc_LiveChatsModel.cpp" />
    <ClCompile Include="main_window\history_control\MessageItemBase.cpp" />
    <ClCompile Include="utils\LoadPixmapFromDataTask.cpp" />
    <ClCompile Include="main_window\history_control\MessageItem.cpp" />
    <ClCompile Include="main_window\history_control\MessageItemLayout.cpp" />
    <ClCompile Include="main_window\history_control\MessagesScrollArea.cpp" />
    <ClCompile Include="main_window\history_control\MessagesScrollAreaLayout.cpp" />
    <ClCompile Include="main_window\history_control\moc_ChatEventItem.cpp" />
    <ClCompile Include="main_window\history_control\moc_HistoryControlPageItem.cpp" />
    <ClCompile Include="main_window\history_control\moc_MessagesScrollArea.cpp" />
    <ClCompile Include="main_window\history_control\moc_MessagesScrollbar.cpp" />
    <ClCompile Include="main_window\history_control\moc_ResizePixmapTask.cpp" />
    <ClCompile Include="main_window\history_control\moc_VoipEventItem.cpp" />
    <ClCompile Include="main_window\history_control\ResizePixmapTask.cpp" />
    <ClCompile Include="main_window\history_control\StickerInfo.cpp" />
    <ClCompile Include="controls\moc_SemitransparentWindow.cpp" />
    <ClCompile Include="main_window\history_control\VoipEventInfo.cpp" />
    <ClCompile Include="main_window\history_control\VoipEventItem.cpp" />
    <ClCompile Include="main_window\history_control\MessagesScrollbar.cpp" />
    <ClCompile Include="main_window\IntroduceYourself.cpp" />
    <ClCompile Include="main_window\livechats\LiveChatsHome.cpp" />
    <ClCompile Include="main_window\livechats\moc_LiveChatMembersControl.cpp" />
    <ClCompile Include="main_window\livechats\moc_LiveChatProfile.cpp" />
    <ClCompile Include="main_window\livechats\moc_LiveChatsHome.cpp" />
    <ClCompile Include="main_window\moc_IntroduceYourself.cpp" />
    <ClCompile Include="main_window\search_contacts\results\FoundContacts.cpp" />
    <ClCompile Include="main_window\search_contacts\results\ContactWidget.cpp" />
    <ClCompile Include="controls\FlowLayout.cpp" />
    <ClCompile Include="main_window\search_contacts\results\moc_ContactWidget.cpp" />
    <ClCompile Include="main_window\search_contacts\results\moc_FoundContacts.cpp" />
    <ClCompile Include="main_window\search_contacts\results\moc_NoResultsWidget.cpp" />
    <ClCompile Include="main_window\search_contacts\results\NoResultsWidget.cpp" />
    <ClCompile Include="controls\SemitransparentWindow.cpp" />
    <ClCompile Include="main_window\settings\AttachPhone.cpp" />
    <ClCompile Include="main_window\settings\AttachUin.cpp" />
    <ClCompile Include="main_window\settings\ContactUs.cpp" />
    <ClCompile Include="main_window\sounds\MpegLoader.cpp" />
    <ClCompile Include="moc_gui_settings.cpp" />
    <ClCompile Include="moc_theme_settings.cpp" />
    <ClCompile Include="controls\TextEmojiWidget.cpp" />
    <ClCompile Include="remote_proc.cpp" />
    <ClCompile Include="theme_settings.cpp" />
    <ClCompile Include="types\typing.cpp" />
    <ClCompile Include="utils\gui_coll_helper.cpp" />
    <ClCompile Include="main_window\history_control\KnownFileTypes.cpp" />
    <ClCompile Include="main_window\search_contacts\ComboButton.cpp" />
    <ClCompile Include="main_window\ContactDialog.cpp" />
    <ClCompile Include="main_window\contact_list\Common.cpp" />
    <ClCompile Include="main_window\contact_list\ContactListItemRenderer.cpp" />
    <ClCompile Include="main_window\contact_list\moc_ContactList.cpp" />
    <ClCompile Include="main_window\contact_list\moc_ContactListModel.cpp" />
    <ClCompile Include="main_window\contact_list\moc_RecentsModel.cpp" />
    <ClCompile Include="main_window\contact_list\moc_SearchModel.cpp" />
    <ClCompile Include="main_window\contact_list\moc_SearchWidget.cpp" />
    <ClCompile Include="main_window\contact_list\RecentsItemRenderer.cpp" />
    <ClCompile Include="cache\emoji\Emoji.cpp" />
    <ClCompile Include="cache\emoji\EmojiDb.cpp" />
    <ClCompile Include="cache\emoji\EmojiIndexData.cpp" />
    <ClCompile Include="main_window\history_control\FileSharingInfo.cpp" />
    <ClCompile Include="main_window\history_control\FileSizeFormatter.cpp" />
    <ClCompile Include="main_window\history_control\HistoryControlPage.cpp" />
    <ClCompile Include="main_window\history_control\moc_HistoryControl.cpp" />
    <ClCompile Include="main_window\history_control\moc_HistoryControlPage.cpp" />
    <ClCompile Include="main_window\history_control\moc_MessageItem.cpp" />
    <ClCompile Include="main_window\history_control\moc_MessagesModel.cpp" />
    <ClCompile Include="main_window\history_control\moc_NewMessagesPlate.cpp" />
    <ClCompile Include="main_window\history_control\moc_ServiceMessageItem.cpp" />
    <ClCompile Include="main_window\moc_ContactDialog.cpp" />
    <ClCompile Include="main_window\search_contacts\moc_ComboButton.cpp" />
    <ClCompile Include="main_window\search_contacts\moc_SearchContactsWidget.cpp" />
    <ClCompile Include="main_window\search_contacts\moc_SearchFilters.cpp" />
    <ClCompile Include="main_window\search_contacts\results\moc_SearchResults.cpp" />
    <ClCompile Include="main_window\search_contacts\SearchContactsWidget.cpp" />
    <ClCompile Include="main_window\search_contacts\SearchFilters.cpp" />
    <ClCompile Include="main_window\search_contacts\results\SearchResults.cpp" />
    <ClCompile Include="main_window\search_contacts\search_params.cpp" />
    <ClCompile Include="utils\InterConnector.cpp" />
    <ClCompile Include="utils\LoadPixmapFromFile.cpp" />
    <ClCompile Include="utils\moc_InterConnector.cpp" />
    <ClCompile Include="utils\moc_LoadPixmapFromDataTask.cpp" />
    <ClCompile Include="utils\moc_LoadPixmapFromFileTask.cpp" />
    <ClCompile Include="utils\PainterPath.cpp" />
    <ClCompile Include="utils\Text.cpp" />
    <ClCompile Include="utils\Text2DocConverter.cpp" />
    <ClCompile Include="utils\log\log.cpp" />
    <ClCompile Include="main.cpp" />
    <ClCompile Include="core_dispatcher.cpp" />
    <ClCompile Include="moc_core_dispatcher.cpp" />
    <ClCompile Include="my_info.cpp" />
    <ClCompile Include="moc_my_info.cpp" />
    <ClCompile Include="voip\AvatarContainerWidget.cpp" />
    <ClCompile Include="voip\moc_AvatarContainerWidget.cpp" />
    <ClCompile Include="voip\moc_NameAndStatusWidget.cpp" />
    <ClCompile Include="voip\moc_VoipProxy.cpp" />
    <ClCompile Include="utils\profiling\auto_stop_watch.cpp" />
    <ClCompile Include="stdafx.cpp" />
    <ClCompile Include="cache\stickers\stickers.cpp" />
    <ClCompile Include="cache\themes\themes_cache.cpp" />
    <ClCompile Include="themes\ThemePixmap.cpp" />
    <ClCompile Include="themes\ThemePixmapDb.inc" />
    <ClCompile Include="themes\Themes.cpp" />
    <ClCompile Include="types/contact.cpp" />
    <ClCompile Include="types/chat.cpp" />
    <ClCompile Include="types/message.cpp" />
    <ClCompile Include="utils\SChar.cpp" />
    <ClCompile Include="utils\uid.cpp" />
    <ClCompile Include="voip\NameAndStatusWidget.cpp" />
    <ClCompile Include="voip\VideoFrame.cpp" />
    <ClCompile Include="voip\VoipProxy.cpp" />
    <ClCompile Include="main_window\MainWindow.cpp" />
    <ClCompile Include="main_window\moc_MainWindow.cpp" />
    <ClCompile Include="main_window\MainPage.cpp" />
    <ClCompile Include="main_window\moc_MainPage.cpp" />
    <ClCompile Include="main_window\LoginPage.cpp" />
    <ClCompile Include="main_window\moc_LoginPage.cpp" />
    <ClCompile Include="main_window\contact_list\ContactList.cpp" />
    <ClCompile Include="main_window\contact_list\SettingsTab.cpp" />
    <ClCompile Include="main_window\contact_list\moc_SettingsTab.cpp" />
    <ClCompile Include="cache\avatars\AvatarStorage.cpp" />
    <ClCompile Include="cache\avatars\moc_AvatarStorage.cpp" />
    <ClCompile Include="main_window\contact_list\ContactItem.cpp" />
    <ClCompile Include="main_window\contact_list\ContactListItemDelegate.cpp" />
    <ClCompile Include="main_window\contact_list\ContactListModel.cpp" />
    <ClCompile Include="main_window\contact_list\RecentItemDelegate.cpp" />
    <ClCompile Include="main_window\contact_list\RecentsModel.cpp" />
    <ClCompile Include="main_window\history_control\MessagesModel.cpp" />
    <ClCompile Include="main_window\contact_list\SearchModel.cpp" />
    <ClCompile Include="main_window\history_control\HistoryControl.cpp" />
    <ClCompile Include="main_window\input_widget\InputWidget.cpp" />
    <ClCompile Include="main_window\contact_list\SearchWidget.cpp" />
    <ClCompile Include="main_window\history_control\ServiceMessageItem.cpp" />
    <ClCompile Include="main_window\history_control\NewMessagesPlate.cpp" />
    <ClCompile Include="controls\LineEditEx.cpp" />
    <ClCompile Include="controls\moc_LineEditEx.cpp" />
    <ClCompile Include="controls\LabelEx.cpp" />
    <ClCompile Include="controls\moc_LabelEx.cpp" />
    <ClCompile Include="controls\moc_TextEditEx.cpp" />
    <ClCompile Include="controls\TextEditEx.cpp" />
    <ClCompile Include="controls\CountrySearchCombobox.cpp" />
    <ClCompile Include="controls\moc_CountrySearchCombobox.cpp" />
    <ClCompile Include="controls\CustomButton.cpp" />
    <ClCompile Include="utils/launch.cpp" />
    <ClCompile Include="utils/utils.cpp" />
    <ClCompile Include="utils/moc_utils.cpp" />
    <ClCompile Include="utils/local_peer.cpp" />
    <ClCompile Include="utils/moc_local_peer.cpp" />
    <ClCompile Include="utils/translator.cpp" />
    <ClCompile Include="utils/application.cpp" />
    <ClCompile Include="utils/moc_application.cpp" />
    <ClCompile Include="voip\CallPanelMain.cpp" />
    <ClCompile Include="voip\DetachedVideoWnd.cpp" />
    <ClCompile Include="voip\IncomingCallWindow.cpp" />
    <ClCompile Include="main_window\input_widget\moc_InputWidget.cpp" />
    <ClCompile Include="voip\moc_CallPanelMain.cpp" />
    <ClCompile Include="voip\moc_DetachedVideoWnd.cpp" />
    <ClCompile Include="voip\moc_IncomingCallWindow.cpp" />
    <ClCompile Include="voip\moc_VideoPanel.cpp" />
    <ClCompile Include="voip\moc_VideoPanelHeader.cpp" />
    <ClCompile Include="voip\moc_VideoSettings.cpp" />
    <ClCompile Include="voip\moc_VideoWindow.cpp" />
    <ClCompile Include="voip\moc_VoipSysPanelHeader.cpp" />
    <ClCompile Include="main_window\smiles_menu\moc_SmilesMenu.cpp" />
    <ClCompile Include="main_window\smiles_menu\moc_toolbar.cpp" />
    <ClCompile Include="main_window\smiles_menu\SmilesMenu.cpp" />
    <ClCompile Include="main_window\smiles_menu\toolbar.cpp" />
    <ClCompile Include="voip\VideoPanel.cpp" />
    <ClCompile Include="voip\VideoPanelHeader.cpp" />
    <ClCompile Include="voip\VideoSettings.cpp" />
    <ClCompile Include="voip\VideoWindow.cpp" />
    <ClCompile Include="voip\VoipSysPanelHeader.cpp" />
    <ClCompile Include="main_window\tray\TrayIcon.cpp" />
    <ClCompile Include="main_window\tray\moc_TrayIcon.cpp" />
    <ClCompile Include="main_window\tray\MessageAlertWidget.cpp" />
    <ClCompile Include="main_window\tray\moc_MessageAlertWidget.cpp" />
    <ClCompile Include="main_window\tray\RecentMessagesAlert.cpp" />
    <ClCompile Include="main_window\tray\moc_RecentMessagesAlert.cpp" />
    <ClCompile Include="main_window\tray\toast_notifications\ToastEventHandler.cpp" />
    <ClCompile Include="main_window\tray\toast_notifications\ToastManager.cpp" />
    <ClCompile Include="main_window\tray\toast_notifications\moc_ToastManager.cpp" />
    <ClCompile Include="main_window\settings\ProfileSettingsWidget.cpp" />
    <ClCompile Include="main_window\settings\moc_ProfileSettingsWidget.cpp" />
    <ClCompile Include="main_window\settings\GeneralSettingsWidget.cpp" />
    <ClCompile Include="main_window\settings\moc_GeneralSettingsWidget.cpp" />
    <ClCompile Include="main_window\sounds\SoundsManager.cpp" />
    <ClCompile Include="main_window\sounds\moc_SoundsManager.cpp" />
    <ClCompile Include="main_window\history_control\ChatEventItem.cpp" />
    <ClCompile Include="main_window\history_control\moc_ChatEventItem.cpp" />
    <ClCompile Include="main_window\contact_list\ChatMembersModel.cpp" />
    <ClCompile Include="main_window\contact_list\moc_ChatMembersModel.cpp" />
    <ClCompile Include="controls\moc_WidgetsNavigator.cpp" />
    <ClCompile Include="controls\WidgetsNavigator.cpp" />
    <ClCompile Include="controls\moc_ContextMenu.cpp" />
    <ClCompile Include="controls\ContextMenu.cpp" />
    <ClCompile Include="main_window\history_control\HistoryControlPageItem.cpp" />
    <ClCompile Include="controls\DpiAwareImage.cpp" />
    <ClCompile Include="main_window\contact_list\SearchMembersModel.cpp" />
    <ClCompile Include="main_window\contact_list\moc_SearchMembersModel.cpp" />
    <ClCompile Include="main_window\contact_list\AbstractSearchModel.cpp" />
    <ClCompile Include="main_window\contact_list\moc_AbstractSearchModel.cpp" />
    <ClCompile Include="main_window\history_control\VoipEventInfo.cpp" />
    <ClCompile Include="remote_proc.cpp" />
    <ClCompile Include="main_window\history_control\VoipEventItem.cpp" />
    <ClCompile Include="main_window\history_control\moc_VoipEventItem.cpp" />
    <ClCompile Include="utils\PainterPath.cpp" />
    <ClCompile Include="controls\moc_FlatMenu.cpp" />
    <ClCompile Include="main_window\history_control\MessageItem.cpp" />
    <ClCompile Include="..\common.shared\crash_handler.cpp" />
    <ClCompile Include="..\common.shared\common_defs.cpp" />
    <ClCompile Include="voip\VideoFrame.cpp" />
    <ClCompile Include="voip\win32\VideoFrameWin32.cpp" />
    <ClCompile Include="voip\win32\moc_VideoFrameWin32.cpp" />
    <ClCompile Include="main_window\history_control\moc_HistoryControlPageItem.cpp" />
    <ClCompile Include="main_window\history_control\MessagesScrollbar.cpp" />
    <ClCompile Include="main_window\history_control\moc_MessagesScrollbar.cpp" />
    <ClCompile Include="main_window\history_control\MessagesScrollArea.cpp" />
    <ClCompile Include="main_window\history_control\moc_MessagesScrollArea.cpp" />
    <ClCompile Include="main_window\history_control\ResizePixmapTask.cpp" />
    <ClCompile Include="main_window\history_control\moc_ResizePixmapTask.cpp" />
    <ClCompile Include="main_window\history_control\MessageItemLayout.cpp" />
    <ClCompile Include="main_window\history_control\MessagesScrollAreaLayout.cpp" />
    <ClCompile Include="utils\Text.cpp" />
    <ClCompile Include="main_window\sounds\MpegLoader.cpp" />
    <ClCompile Include="main_window\history_control\MessageStatusWidget.cpp" />
    <ClCompile Include="main_window\history_control\MessageStyle.cpp" />
    <ClCompile Include="moc_theme_settings.cpp" />
    <ClCompile Include="theme_settings.cpp" />
    <ClCompile Include="cache\themes\themes_cache.cpp" />
    <ClCompile Include="main_window\settings\themes\moc_ThemesModel.cpp" />
    <ClCompile Include="main_window\settings\themes\moc_ThemesSettingsWidget.cpp" />
    <ClCompile Include="main_window\settings\themes\moc_ThemesWidget.cpp" />
    <ClCompile Include="main_window\settings\themes\moc_ThemeWidget.cpp" />
    <ClCompile Include="main_window\settings\themes\ThemesModel.cpp" />
    <ClCompile Include="main_window\settings\themes\ThemesSettingsWidget.cpp" />
    <ClCompile Include="main_window\settings\themes\ThemesWidget.cpp" />
    <ClCompile Include="main_window\settings\themes\ThemeWidget.cpp" />
    <ClCompile Include="main_window\settings\ContactUs.cpp" />
    <ClCompile Include="main_window\contact_list\moc_CustomAbstractListModel.cpp" />
    <ClCompile Include="main_window\contact_list\CustomAbstractListModel.cpp" />
    <ClCompile Include="main_window\history_control\HistoryControlPageThemePanel.cpp" />
    <ClCompile Include="main_window\history_control\moc_HistoryControlPageThemePanel.cpp" />
    <ClCompile Include="main_window\settings\AttachPhone.cpp" />
    <ClCompile Include="main_window\settings\AttachUin.cpp" />
    <ClCompile Include="main_window\IntroduceYourself.cpp" />
    <ClCompile Include="main_window\moc_IntroduceYourself.cpp" />
    <ClCompile Include="controls\ConnectionSettingsWidget.cpp" />
    <ClCompile Include="controls\moc_ConnectionSettingsWidget.cpp" />
    <ClCompile Include="controls\GeneralCreator.cpp" />
    <ClCompile Include="main_window\livechats\LiveChatProfile.cpp" />
    <ClCompile Include="main_window\livechats\LiveChatsHome.cpp" />
    <ClCompile Include="main_window\livechats\moc_LiveChatProfile.cpp" />
    <ClCompile Include="main_window\livechats\moc_LiveChatsHome.cpp" />
    <ClCompile Include="main_window\livechats\LiveChatMembersControl.cpp" />
    <ClCompile Include="main_window\livechats\moc_LiveChatMembersControl.cpp" />
    <ClCompile Include="main_window\GroupChatOperations.cpp" />
    <ClCompile Include="types\typing.cpp" />
    <ClCompile Include="utils\LoadPixmapFromDataTask.cpp" />
    <ClCompile Include="utils\moc_LoadPixmapFromDataTask.cpp" />
    <ClCompile Include="utils\LoadPixmapFromFile.cpp" />
    <ClCompile Include="utils\moc_LoadPixmapFromFileTask.cpp" />
    <ClCompile Include="voip\secureCallWnd.cpp" />
    <ClCompile Include="voip\moc_secureCallWnd.cpp" />
    <ClCompile Include="voip\PushButton_t.cpp" />
    <ClCompile Include="main_window\livechats\LiveChatsModel.cpp" />
    <ClCompile Include="main_window\livechats\moc_LiveChatsModel.cpp" />
    <ClCompile Include="main_window\livechats\LiveChatItemDelegate.cpp" />
    <ClCompile Include="main_window\history_control\DeletedMessageItem.cpp" />
    <ClCompile Include="main_window\sidebar\MenuPage.cpp" />
    <ClCompile Include="main_window\sidebar\moc_MenuPage.cpp" />
    <ClCompile Include="main_window\sidebar\moc_ProfilePage.cpp" />
    <ClCompile Include="main_window\sidebar\moc_Sidebar.cpp" />
    <ClCompile Include="main_window\sidebar\ProfilePage.cpp" />
    <ClCompile Include="main_window\sidebar\Sidebar.cpp" />
    <ClCompile Include="main_window\history_control\DeletedMessageItem.cpp" />
    <ClCompile Include="controls\ImageCropper.cpp" />
    <ClCompile Include="controls\moc_ImageCropper.cpp" />
    <ClCompile Include="controls\AvatarPreview.cpp" />
    <ClCompile Include="controls\moc_AvatarPreview.cpp" />
    <ClCompile Include="main_window\history_control\MessageItemBase.cpp" />
    <ClCompile Include="main_window\history_control\moc_MessageItemBase.cpp" />
    <ClCompile Include="main_window\sidebar\moc_SidebarUtils.cpp" />
    <ClCompile Include="main_window\sidebar\SidebarUtils.cpp" />
    <ClCompile Include="main_window\history_control\ContentWidgets\FileSharingWidget.cpp" />
    <ClCompile Include="main_window\history_control\ContentWidgets\PreviewContentWidget.cpp" />
    <ClCompile Include="main_window\history_control\ContentWidgets\MessageContentWidget.cpp" />
    <ClCompile Include="main_window\history_control\ContentWidgets\PttAudioWidget.cpp" />
    <ClCompile Include="main_window\history_control\ContentWidgets\ImagePreviewWidget.cpp" />
    <ClCompile Include="main_window\history_control\ContentWidgets\moc_ImagePreviewWidget.cpp" />
    <ClCompile Include="main_window\history_control\ContentWidgets\moc_PttAudioWidget.cpp" />
    <ClCompile Include="main_window\history_control\ContentWidgets\moc_FileSharingWidget.cpp" />
    <ClCompile Include="main_window\history_control\ContentWidgets\moc_PreviewContentWidget.cpp" />
    <ClCompile Include="main_window\history_control\ContentWidgets\moc_MessageContentWidget.cpp" />
    <ClCompile Include="main_window\moc_PromoPage.cpp" />
    <ClCompile Include="main_window\PromoPage.cpp" />
    <ClCompile Include="..\common.shared\TestingTools.cpp" />
    <ClCompile Include="..\common.shared\crash_sender_utils.cpp" />
    <ClCompile Include="types\images.cpp" />
    <ClCompile Include="previewer\GalleryWidget.cpp" />
    <ClCompile Include="previewer\moc_GalleryWidget.cpp" />
    <ClCompile Include="previewer\GalleryFrame.cpp" />
    <ClCompile Include="previewer\moc_GalleryFrame.cpp" />
    <ClCompile Include="previewer\ImageViewerWidget.cpp" />
    <ClCompile Include="previewer\moc_ImageViewerWidget.cpp" />
    <ClCompile Include="previewer\ImageCache.cpp" />
    <ClCompile Include="previewer\moc_ImageCache.cpp" />
    <ClCompile Include="previewer\ImageIterator.cpp" />
    <ClCompile Include="previewer\moc_ImageIterator.cpp" />
    <ClCompile Include="previewer\ImageLoader.cpp" />
    <ClCompile Include="previewer\moc_ImageLoader.cpp" />
    <ClCompile Include="main_window\settings\ProfileSettingsWidget.cpp" />
    <ClCompile Include="main_window\settings\moc_ProfileSettingsWidget.cpp" />
    <ClCompile Include="main_window\settings\GeneralSettingsWidget.cpp" />
    <ClCompile Include="main_window\settings\moc_GeneralSettingsWidget.cpp" />
    <ClCompile Include="main_window\sounds\SoundsManager.cpp" />
    <ClCompile Include="main_window\sounds\moc_SoundsManager.cpp" />
    <ClCompile Include="voip\win32\moc_VideoFrameWin32.cpp" />
    <ClCompile Include="voip\win32\VideoFrameWin32.cpp" />
    <ClCompile Include="main_window\history_control\complex_message\ComplexMessageItem.cpp" />
    <ClCompile Include="main_window\history_control\complex_message\ComplexMessageItemBuilder.cpp" />
    <ClCompile Include="main_window\history_control\complex_message\ComplexMessageItemLayout.cpp" />
    <ClCompile Include="main_window\history_control\complex_message\moc_ComplexMessageItem.cpp" />
    <ClCompile Include="main_window\history_control\complex_message\TextBlock.cpp" />
    <ClCompile Include="main_window\history_control\complex_message\TextBlockLayout.cpp" />
    <ClCompile Include="main_window\history_control\complex_message\LinkPreviewBlock.cpp" />
    <ClCompile Include="main_window\history_control\complex_message\LinkPreviewBlockLayout.cpp" />
    <ClCompile Include="main_window\history_control\complex_message\IItemBlock.cpp" />
    <ClCompile Include="main_window\history_control\complex_message\Style.cpp" />
    <ClCompile Include="main_window\history_control\complex_message\GenericBlock.cpp" />
    <ClCompile Include="main_window\history_control\complex_message\GenericBlockLayout.cpp" />
    <ClCompile Include="main_window\history_control\complex_message\IItemBlockLayout.cpp" />
    <ClCompile Include="main_window\history_control\complex_message\moc_LinkPreviewBlock.cpp" />
    <ClCompile Include="main_window\history_control\complex_message\ImagePreviewBlock.cpp" />
    <ClCompile Include="main_window\history_control\complex_message\ImagePreviewBlockLayout.cpp" />
    <ClCompile Include="main_window\history_control\complex_message\moc_ImagePreviewBlock.cpp" />
    <ClCompile Include="main_window\history_control\complex_message\YoutubeLinkPreviewBlockLayout.cpp" />
    <ClCompile Include="main_window\history_control\complex_message\ILinkPreviewBlockLayout.cpp" />
    <ClCompile Include="main_window\history_control\complex_message\moc_TextBlock.cpp" />
    <ClCompile Include="main_window\history_control\complex_message\LinkPreviewBlockBlankLayout.cpp" />
    <ClCompile Include="types\common_phone.cpp" />
    <ClCompile Include="types\link_metadata.cpp" />
    <ClCompile Include="main_window\history_control\ActionButtonWidgetLayout.cpp" />
    <ClCompile Include="utils\LoadMovieFromFileTask.cpp" />
    <ClCompile Include="utils\moc_LoadMovieFromFileTask.cpp" />
    <ClCompile Include="controls\CommonStyle.cpp" />
    <ClCompile Include="main_window\history_control\complex_message\ComplexMessageUtils.cpp" />
    <ClCompile Include="main_window\history_control\complex_message\moc_GenericBlock.cpp" />
    <ClCompile Include="previewer\Previewer.cpp" />
    <ClCompile Include="previewer\DownloadWidget.cpp" />
    <ClCompile Include="previewer\moc_DownloadWidget.cpp" />
    <ClCompile Include="main_window\history_control\complex_message\FileSharingImagePreviewBlockLayout.cpp" />
    <ClCompile Include="main_window\contact_list\UnknownItemDelegate.cpp" />
    <ClCompile Include="main_window\contact_list\UnknownsModel.cpp" />
    <ClCompile Include="main_window\contact_list\moc_UnknownsModel.cpp" />
    <ClCompile Include="utils\exif.cpp" />
    <ClCompile Include="main_window\selection\SelectionPanel.cpp" />
    <ClCompile Include="main_window\selection\moc_SelectionPanel.cpp" />
    <ClCompile Include="main_window\history_control\complex_message\FileSharingUtils.cpp" />
    <ClCompile Include="main_window\history_control\complex_message\FileSharingBlock.cpp" />
    <ClCompile Include="main_window\history_control\complex_message\moc_FileSharingBlock.cpp" />
    <ClCompile Include="main_window\settings\SettingsNotifications.cpp" />
    <ClCompile Include="main_window\settings\SettingsGeneral.cpp" />
    <ClCompile Include="main_window\settings\SettingsVoip.cpp" />
    <ClCompile Include="main_window\settings\SettingsAboutUs.cpp" />
    <ClCompile Include="main_window\history_control\complex_message\FileSharingPlainBlockLayout.cpp" />
    <ClCompile Include="main_window\history_control\complex_message\FileSharingBlockBase.cpp" />
    <ClCompile Include="main_window\history_control\complex_message\IFileSharingBlockLayout.cpp" />
    <ClCompile Include="main_window\history_control\complex_message\PttBlockLayout.cpp" />
    <ClCompile Include="main_window\history_control\complex_message\PttBlock.cpp" />
    <ClCompile Include="main_window\history_control\complex_message\moc_PttBlock.cpp" />
    <ClCompile Include="main_window\history_control\complex_message\moc_FileSharingBlockBase.cpp" />
    <ClCompile Include="controls\TransparentScrollBar.cpp" />
    <ClCompile Include="controls\moc_TransparentScrollBar.cpp" />
    <ClCompile Include="main_window\history_control\complex_message\QuoteBlock.cpp" />
    <ClCompile Include="main_window\history_control\complex_message\moc_QuoteBlock.cpp" />
    <ClCompile Include="main_window\history_control\complex_message\QuoteBlockLayout.cpp" />
    <ClCompile Include="utils\translit.cpp" />
    <ClCompile Include="controls\ToolTipEx.cpp" />
    <ClCompile Include="main_window\mplayer\FFMpegPlayer.cpp" />
    <ClCompile Include="main_window\mplayer\MultimediaViewer.cpp" />
    <ClCompile Include="main_window\mplayer\VideoPlayer.cpp" />
    <ClCompile Include="main_window\mplayer\moc_FFMpegPlayer.cpp" />
    <ClCompile Include="main_window\mplayer\moc_MultimediaViewer.cpp" />
    <ClCompile Include="main_window\mplayer\moc_VideoPlayer.cpp" />
    <ClCompile Include="voip\MaskPanel.cpp" />
    <ClCompile Include="voip\moc_MaskPanel.cpp" />
    <ClCompile Include="voip\CommonUI.cpp" />
    <ClCompile Include="voip\moc_CommonUI.cpp" />
    <ClCompile Include="voip\Masks.cpp" />
    <ClCompile Include="voip\moc_Masks.cpp" />
    <ClCompile Include="voip\MaskManager.cpp" />
    <ClCompile Include="voip\moc_MaskManager.cpp" />
    <ClCompile Include="main_window\history_control\complex_message\StickerBlock.cpp" />
    <ClCompile Include="main_window\history_control\complex_message\StickerBlockLayout.cpp" />
    <ClCompile Include="main_window\history_control\complex_message\moc_StickerBlock.cpp" />
    <ClCompile Include="voip\CommonUI.cpp" />
    <ClCompile Include="voip\moc_CommonUI.cpp" />
  </ItemGroup>
  <ItemGroup>
    <ClInclude Include="..\common.shared\common_defs.h" />
    <ClInclude Include="..\common.shared\crash_handler.h" />
    <ClInclude Include="..\common.shared\keys.h" />
    <ClInclude Include="..\common.shared\version_info_constants.h" />
    <ClInclude Include="..\gui.shared\translator_base.h" />
    <ClInclude Include="controls\AvatarPreview.h" />
    <ClInclude Include="controls\ImageCropper.h" />
    <ClInclude Include="main_window\history_control\DeletedMessageItem.h" />
    <ClInclude Include="main_window\GroupChatOperations.h" />
    <ClInclude Include="main_window\history_control\ActionButtonWidget.h" />
    <ClInclude Include="main_window\history_control\EmbeddedPreviewWidgetBase.h" />
    <ClInclude Include="main_window\livechats\LiveChatItemDelegate.h" />
    <ClInclude Include="main_window\livechats\LiveChatMembersControl.h" />
    <ClInclude Include="main_window\livechats\LiveChatProfile.h" />
    <ClInclude Include="app_config.h" />
    <ClInclude Include="constants.h" />
    <ClInclude Include="controls\ConnectionSettingsWidget.h" />
    <ClInclude Include="controls\DpiAwareImage.h" />
    <ClInclude Include="controls\FlatMenu.h" />
    <ClInclude Include="controls\GeneralCreator.h" />
    <ClInclude Include="controls\PictureWidget.h" />
    <ClInclude Include="controls\WidgetsNavigator.h" />
    <ClInclude Include="cp_afxres.h" />
    <ClInclude Include="controls\BackButton.h" />
    <ClInclude Include="controls\BackgroundWidget.h" />
    <ClInclude Include="controls\ContactAvatarWidget.h" />
    <ClInclude Include="controls\CustomButton.h" />
    <ClInclude Include="controls\LabelEx.h" />
    <ClInclude Include="gui_settings.h" />
    <ClInclude Include="controls\GeneralDialog.h" />
    <ClInclude Include="main_window\contact_list\AbstractSearchModel.h" />
    <ClInclude Include="main_window\contact_list\ChatMembersModel.h" />
    <ClInclude Include="main_window\contact_list\CustomAbstractListModel.h" />
    <ClInclude Include="main_window\contact_list\SearchMembersModel.h" />
    <ClInclude Include="main_window\contact_list\SelectionContactsForGroupChat.h" />
    <ClInclude Include="main_window\history_control\auth_widget\AuthWidget.h" />
    <ClInclude Include="main_window\contact_list\contact_profile.h" />
    <ClInclude Include="cache\countries.h" />
    <ClInclude Include="main_window\history_control\ChatEventInfo.h" />
    <ClInclude Include="main_window\history_control\ChatEventItem.h" />
    <ClInclude Include="main_window\history_control\HistoryControlPageItem.h" />
    <ClInclude Include="main_window\history_control\HistoryControlPageThemePanel.h" />
    <ClInclude Include="main_window\livechats\LiveChatsModel.h" />
    <ClInclude Include="main_window\history_control\MessageItemBase.h" />
    <ClInclude Include="utils\LoadPixmapFromDataTask.h" />
    <ClInclude Include="main_window\history_control\MessageItem.h" />
    <ClInclude Include="main_window\history_control\MessageItemLayout.h" />
    <ClInclude Include="main_window\history_control\MessagesScrollArea.h" />
    <ClInclude Include="main_window\history_control\MessagesScrollAreaLayout.h" />
    <ClInclude Include="main_window\history_control\MessagesScrollbar.h" />
    <ClInclude Include="main_window\history_control\MessageStatusWidget.h" />
    <ClInclude Include="main_window\history_control\MessageStyle.h" />
    <ClInclude Include="main_window\history_control\ResizePixmapTask.h" />
    <ClInclude Include="main_window\history_control\StickerInfo.h" />
    <ClInclude Include="main_window\history_control\VoipEventInfo.h" />
    <ClInclude Include="main_window\history_control\VoipEventItem.h" />
    <ClInclude Include="main_window\IntroduceYourself.h" />
    <ClInclude Include="main_window\livechats\LiveChatsHome.h" />
    <ClInclude Include="main_window\search_contacts\results\FoundContacts.h" />
    <ClInclude Include="main_window\search_contacts\results\ContactWidget.h" />
    <ClInclude Include="controls\FlowLayout.h" />
    <ClInclude Include="main_window\search_contacts\results\NoResultsWidget.h" />
    <ClInclude Include="controls\SemitransparentWindow.h" />
    <ClInclude Include="main_window\sounds\MpegLoader.h" />
    <ClInclude Include="controls\TextEmojiWidget.h" />
    <ClInclude Include="themes\ResourceIds.h" />
    <ClInclude Include="types\typing.h" />
    <ClInclude Include="utils\gui_coll_helper.h" />
    <ClInclude Include="main_window\history_control\KnownFileTypes.h" />
    <ClInclude Include="main_window\search_contacts\ComboButton.h" />
    <ClInclude Include="main_window\ContactDialog.h" />
    <ClInclude Include="controls\CountrySearchCombobox.h" />
    <ClInclude Include="controls\LineEditEx.h" />
    <ClInclude Include="controls\TextEditEx.h" />
    <ClInclude Include="main_window\contact_list\Common.h" />
    <ClInclude Include="main_window\contact_list\ContactItem.h" />
    <ClInclude Include="main_window\contact_list\ContactList.h" />
    <ClInclude Include="main_window\contact_list\ContactListItemDelegate.h" />
    <ClInclude Include="main_window\contact_list\ContactListItemRenderer.h" />
    <ClInclude Include="main_window\contact_list\ContactListModel.h" />
    <ClInclude Include="main_window\contact_list\RecentItemDelegate.h" />
    <ClInclude Include="main_window\contact_list\RecentsItemRenderer.h" />
    <ClInclude Include="main_window\contact_list\RecentsModel.h" />
    <ClInclude Include="main_window\contact_list\SearchModel.h" />
    <ClInclude Include="main_window\contact_list\SearchWidget.h" />
    <ClInclude Include="core_dispatcher.h" />
    <ClInclude Include="cache\emoji\Emoji.h" />
    <ClInclude Include="cache\emoji\EmojiDb.h" />
    <ClInclude Include="main_window\history_control\FileSharingInfo.h" />
    <ClInclude Include="main_window\history_control\FileSizeFormatter.h" />
    <ClInclude Include="main_window\history_control\HistoryControlPage.h" />
    <ClInclude Include="main_window\history_control\HistoryControl.h" />
    <ClInclude Include="main_window\history_control\MessagesModel.h" />
    <ClInclude Include="main_window\history_control\NewMessagesPlate.h" />
    <ClInclude Include="main_window\history_control\ServiceMessageItem.h" />
    <ClInclude Include="main_window\history_control\TextWidget.h" />
    <ClInclude Include="cache\avatars\AvatarStorage.h" />
    <ClInclude Include="main_window\search_contacts\SearchContactsWidget.h" />
    <ClInclude Include="main_window\search_contacts\SearchFilters.h" />
    <ClInclude Include="main_window\search_contacts\results\SearchResults.h" />
    <ClInclude Include="main_window\search_contacts\search_params.h" />
    <ClInclude Include="utils\InterConnector.h" />
    <ClInclude Include="utils\LoadPixmapFromFileTask.h" />
    <ClInclude Include="utils\PainterPath.h" />
    <ClInclude Include="utils\Text.h" />
    <ClInclude Include="utils\Text2DocConverter.h" />
    <ClInclude Include="utils\log\log.h" />
    <ClInclude Include="main_window\input_widget\InputWidget.h" />
    <ClInclude Include="main_window\LoginPage.h" />
    <ClInclude Include="main_window\MainPage.h" />
    <ClInclude Include="main_window\MainWindow.h" />
    <ClInclude Include="utils\profiling\auto_stop_watch.h" />
    <ClInclude Include="resource.h" />
    <ClInclude Include="stdafx.h" />
    <ClInclude Include="cache\stickers\stickers.h" />
    <ClInclude Include="cache\themes\themes.h" />
    <ClInclude Include="themes\ThemePixmap.h" />
    <ClInclude Include="themes\Themes.h" />
    <ClInclude Include="voip\AvatarContainerWidget.h" />
    <ClInclude Include="voip\NameAndStatusWidget.h" />
    <ClInclude Include="utils\SChar.h" />
    <ClInclude Include="utils\uid.h" />
    <ClInclude Include="utils\utils.h" />
    <ClInclude Include="voip\VideoFrame.h" />
    <ClInclude Include="voip\VoipProxy.h" />
    <ClInclude Include="voip\CallPanelMain.h" />
    <ClInclude Include="voip\DetachedVideoWnd.h" />
    <ClInclude Include="voip\IncomingCallWindow.h" />
    <ClInclude Include="main_window\smiles_menu\SmilesMenu.h" />
    <ClInclude Include="main_window\smiles_menu\toolbar.h" />
    <ClInclude Include="voip\VideoPanel.h" />
    <ClInclude Include="voip\VideoPanelHeader.h" />
    <ClInclude Include="voip\VideoSettings.h" />
    <ClInclude Include="voip\VideoWindow.h" />
    <ClInclude Include="voip\VoipSysPanelHeader.h" />
    <ClInclude Include="voip\VoipTools.h" />
    <ClInclude Include="main_window\history_control\ChatEventItem.h" />
    <ClInclude Include="main_window\contact_list\ChatMembersModel.h" />
    <ClInclude Include="controls\WidgetsNavigator.h" />
    <ClInclude Include="main_window\history_control\HistoryControlPageItem.h" />
    <ClInclude Include="controls\DpiAwareImage.h" />
    <ClInclude Include="main_window\contact_list\SearchMembersModel.h" />
    <ClInclude Include="main_window\contact_list\AbstractSearchModel.h" />
    <ClInclude Include="main_window\history_control\VoipEventInfo.h" />
    <ClInclude Include="main_window\history_control\VoipEventItem.h" />
    <ClInclude Include="utils\PainterPath.h" />
    <ClInclude Include="main_window\history_control\MessageItem.h" />
    <ClInclude Include="..\common.shared\crash_handler.h" />
    <ClInclude Include="..\common.shared\common_defs.h" />
    <ClInclude Include="voip\VideoFrame.h" />
    <ClInclude Include="voip\win32\VideoFrameWin32.h" />
    <ClInclude Include="main_window\history_control\MessagesScrollbar.h" />
    <ClInclude Include="main_window\history_control\MessagesScrollArea.h" />
    <ClInclude Include="main_window\history_control\ResizePixmapTask.h" />
    <ClInclude Include="main_window\history_control\MessageItemLayout.h" />
    <ClInclude Include="main_window\history_control\MessagesScrollAreaLayout.h" />
    <ClInclude Include="utils\Text.h" />
    <ClInclude Include="main_window\sounds\MpegLoader.h" />
    <ClInclude Include="main_window\history_control\MessageStatusWidget.h" />
    <ClInclude Include="main_window\history_control\MessageStyle.h" />
    <ClInclude Include="cache\themes\themes.h" />
    <ClInclude Include="..\common.shared\keys.h" />
    <ClInclude Include="main_window\contact_list\CustomAbstractListModel.h" />
    <ClInclude Include="main_window\history_control\HistoryControlPageThemePanel.h" />
    <ClInclude Include="main_window\IntroduceYourself.h" />
    <ClInclude Include="controls\ConnectionSettingsWidget.h" />
    <ClInclude Include="controls\GeneralCreator.h" />
    <ClInclude Include="main_window\livechats\LiveChatProfile.h" />
    <ClInclude Include="main_window\livechats\LiveChatsHome.h" />
    <ClInclude Include="main_window\livechats\LiveChatMembersControl.h" />
    <ClInclude Include="main_window\GroupChatOperations.h" />
    <ClInclude Include="types\typing.h" />
    <ClInclude Include="utils\LoadPixmapFromDataTask.h" />
    <ClInclude Include="utils\LoadPixmapFromFileTask.h" />
    <ClInclude Include="voip\secureCallWnd.h" />
    <ClInclude Include="voip\PushButton_t.h" />
    <ClInclude Include="voip\WindowHeaderFormat.h" />
    <ClInclude Include="main_window\livechats\LiveChatsModel.h" />
    <ClInclude Include="main_window\livechats\LiveChatItemDelegate.h" />
    <ClInclude Include="main_window\history_control\DeletedMessageItem.h" />
    <ClInclude Include="main_window\sidebar\MenuPage.h" />
    <ClInclude Include="main_window\sidebar\ProfilePage.h" />
    <ClInclude Include="main_window\sidebar\Sidebar.h" />
    <ClInclude Include="main_window\history_control\DeletedMessageItem.h" />
    <ClInclude Include="controls\ImageCropper.h" />
    <ClInclude Include="controls\ImageCropper.h" />
    <ClInclude Include="controls\AvatarPreview.h" />
    <ClInclude Include="main_window\history_control\MessageItemBase.h" />
    <ClInclude Include="main_window\sidebar\SidebarUtils.h" />
    <ClInclude Include="main_window\history_control\ContentWidgets\FileSharingWidget.h" />
    <ClInclude Include="main_window\history_control\ContentWidgets\PreviewContentWidget.h" />
    <ClInclude Include="main_window\history_control\ContentWidgets\MessageContentWidget.h" />
    <ClInclude Include="main_window\history_control\ContentWidgets\ImagePreviewWidget.h" />
    <ClInclude Include="main_window\PromoPage.h" />
    <ClInclude Include="..\common.shared\TestingTools.h" />
    <ClInclude Include="types\images.h" />
    <ClInclude Include="previewer\GalleryWidget.h" />
    <ClInclude Include="previewer\GalleryFrame.h" />
    <ClInclude Include="previewer\ImageViewerWidget.h" />
    <ClInclude Include="previewer\ImageCache.h" />
    <ClInclude Include="previewer\ImageIterator.h" />
    <ClInclude Include="previewer\ImageLoader.h" />
    <ClInclude Include="voip\win32\VideoFrameWin32.h" />
    <ClInclude Include="main_window\history_control\complex_message\ComplexMessageItem.h" />
    <ClInclude Include="main_window\history_control\complex_message\ComplexMessageItemBuilder.h" />
    <ClInclude Include="main_window\history_control\complex_message\ComplexMessageItemLayout.h" />
    <ClInclude Include="namespaces.h" />
    <ClInclude Include="main_window\history_control\complex_message\TextBlock.h" />
    <ClInclude Include="main_window\history_control\complex_message\TextBlockLayout.h" />
    <ClInclude Include="main_window\history_control\complex_message\LinkPreviewBlock.h" />
    <ClInclude Include="main_window\history_control\complex_message\LinkPreviewBlockLayout.h" />
    <ClInclude Include="main_window\history_control\complex_message\IItemBlock.h" />
    <ClInclude Include="main_window\history_control\complex_message\Style.h" />
    <ClInclude Include="main_window\history_control\complex_message\GenericBlock.h" />
    <ClInclude Include="main_window\history_control\complex_message\GenericBlockLayout.h" />
    <ClInclude Include="main_window\history_control\complex_message\IItemBlockLayout.h" />
    <ClInclude Include="main_window\history_control\complex_message\ImagePreviewBlock.h" />
    <ClInclude Include="main_window\history_control\complex_message\ImagePreviewBlockLayout.h" />
    <ClInclude Include="main_window\history_control\complex_message\YoutubeLinkPreviewBlockLayout.h" />
    <ClInclude Include="main_window\history_control\complex_message\ILinkPreviewBlockLayout.h" />
    <ClInclude Include="main_window\history_control\complex_message\LinkPreviewBlockBlankLayout.h" />
    <ClInclude Include="main_window\history_control\complex_message\Selection.h" />
    <ClInclude Include="types\common_phone.h" />
    <ClInclude Include="types\link_metadata.h" />
    <ClInclude Include="main_window\history_control\ActionButtonWidgetLayout.h" />
    <ClInclude Include="utils\LoadMovieFromFileTask.h" />
    <ClInclude Include="controls\CommonStyle.h" />
    <ClInclude Include="main_window\history_control\complex_message\ComplexMessageUtils.h" />
    <ClInclude Include="previewer\Previewer.h" />
    <ClInclude Include="previewer\DownloadWidget.h" />
    <ClInclude Include="main_window\history_control\complex_message\FileSharingImagePreviewBlockLayout.h" />
    <ClInclude Include="main_window\contact_list\UnknownItemDelegate.h" />
    <ClInclude Include="main_window\contact_list\UnknownsModel.h" />
    <ClInclude Include="utils\exif.h" />
    <ClInclude Include="main_window\selection\SelectionPanel.h" />
    <ClInclude Include="main_window\history_control\complex_message\FileSharingUtils.h" />
    <ClInclude Include="main_window\history_control\complex_message\FileSharingBlock.h" />
    <ClInclude Include="main_window\settings\GeneralSettingsWidget.h" />
    <ClInclude Include="main_window\settings\ProfileSettingsWidget.h" />
    <ClInclude Include="main_window\tray\RecentMessagesAlert.h" />
    <ClInclude Include="main_window\settings\themes\ThemesSettingsWidget.h" />
    <ClInclude Include="main_window\settings\themes\ThemesWidget.h" />
    <ClInclude Include="main_window\settings\themes\ThemeWidget.h" />
    <ClInclude Include="main_window\settings\themes\ThemesModel.h" />
    <ClInclude Include="main_window\tray\MessageAlertWidget.h" />
    <ClInclude Include="main_window\history_control\ContentWidgets\PttAudioWidget.h" />
    <ClInclude Include="main_window\contact_list\SettingsTab.h" />
    <ClInclude Include="main_window\history_control\complex_message\FileSharingPlainBlockLayout.h" />
    <ClInclude Include="main_window\history_control\complex_message\FileSharingBlockBase.h" />
    <ClInclude Include="main_window\history_control\complex_message\IFileSharingBlockLayout.h" />
    <ClInclude Include="main_window\history_control\complex_message\PttBlockLayout.h" />
    <ClInclude Include="main_window\history_control\complex_message\PttBlock.h" />
    <ClInclude Include="controls\TransparentScrollBar.h" />
    <ClInclude Include="main_window\history_control\complex_message\QuoteBlock.h" />
    <ClInclude Include="main_window\history_control\complex_message\QuoteBlockLayout.h" />
    <ClInclude Include="utils\translit.h" />
    <ClInclude Include="types\contact.h" />
    <ClInclude Include="types\chat.h" />
    <ClInclude Include="theme_settings.h" />
    <ClInclude Include="main_window\sounds\SoundsManager.h" />
    <ClInclude Include="controls\ContextMenu.h" />
    <ClInclude Include="utils\local_peer.h" />
    <ClInclude Include="types\message.h" />
    <ClInclude Include="my_info.h" />
    <ClInclude Include="main_window\tray\TrayIcon.h" />
    <ClInclude Include="main_window\tray\toast_notifications\ToastEventHandler.h" />
    <ClInclude Include="main_window\tray\toast_notifications\ToastManager.h" />
    <ClInclude Include="controls\ToolTipEx.h" />
    <ClInclude Include="main_window\tray\toast_notifications\StringReferenceWrapper.h" />
    <ClInclude Include="main_window\tray\notification_center\NotificationCenterManager.h" />
    <ClInclude Include="utils\mac_support.h" />
    <ClInclude Include="voip\macos\VideoFrameMacos.h" />
    <ClInclude Include="utils\translator.h" />
    <ClInclude Include="utils\launch.h" />
    <ClInclude Include="main_window\mplayer\ffmpeg.h" />
    <ClInclude Include="main_window\mplayer\FFMpegPlayer.h" />
    <ClInclude Include="main_window\mplayer\MultimediaViewer.h" />
    <ClInclude Include="main_window\mplayer\VideoPlayer.h" />
    <ClInclude Include="voip\MaskPanel.h" />
    <ClInclude Include="voip\CommonUI.h" />
    <ClInclude Include="voip\Masks.h" />
    <ClInclude Include="voip\MaskManager.h" />
    <ClInclude Include="main_window\history_control\complex_message\StickerBlock.h" />
    <ClInclude Include="main_window\history_control\complex_message\StickerBlockLayout.h" />
    <ClInclude Include="voip\CommonUI.h" />
  </ItemGroup>
  <ItemGroup>
    <ResourceCompile Include="Resource.rc" />
  </ItemGroup>
  <ItemGroup>
    <None Include="main_window\history_control\history_control.qss" />
    <None Include="main_window\contact_list\contact_list.qss" />
    <None Include="main_window\settings\contact_us.qss" />
    <None Include="main_window\contact_list\SettingsTab.qss" />
    <None Include="resources\previewer\qss\label.qss" />
    <None Include="resources\previewer\qss\frame.qss" />
    <None Include="resources\previewer\qss\download.qss" />
    <None Include="main_window\login_page.qss" />
    <None Include="main_window\input_widget\input_widget.qss" />
    <None Include="main_window\search_contacts\search_contacts.qss" />
    <None Include="main_window\main_window.qss" />
    <None Include="main_window\sidebar\Sidebar.qss" />
    <None Include="main_window\settings\profile_settings.qss" />
    <None Include="main_window\smiles_menu\smiles_menu.qss" />
    <None Include="main_window\livechats\LiveChats.qss" />
    <None Include="main_window\settings\general_settings.qss" />
    <None Include="main_window\accounts_page.qss" />
    <None Include="main_window\mplayer\mstyles.qss" />
    <None Include="voip\video_panel.qss" />
    <None Include="utils\common_style.qss" />
    <None Include="voip\incoming_call.qss" />
    <None Include="voip\mask_panel.qss" />
    <None Include="controls\controls_style.qss" />
  </ItemGroup>
</Project>